name: Generate Cargo.lock
on: workflow_dispatch
jobs:
  generate:
    runs-on: ubuntu-latest
    steps:
      - uses: actions/checkout@v4
      - uses: dtolnay/rust-toolchain@stable
      - run: |
          cd quickfile
          cargo generate-lockfile
      - uses: stefanzweifel/git-auto-commit-action@v5
        with:
          commit_message: "chore: auto-generate Cargo.lock for CI caching"
          file_pattern: quickfile/Cargo.lock
